
Microsoft Visual Studio Solution File, Format Version 12.00
# Visual Studio Version 17
VisualStudioVersion = 17.9.34902.65
MinimumVisualStudioVersion = 10.0.40219.1
Project("{FAE04EC0-301F-11D3-BF4B-00C04F79EFBC}") = "SpecGeneric01", "SpecGeneric01.csproj", "{6B705D4D-BDA8-45D2-BE91-F039252579B2}"
EndProject
Global
	GlobalSection(SolutionConfigurationPlatforms) = preSolution
		Debug|Any CPU = Debug|Any CPU
		Release|Any CPU = Release|Any CPU
	EndGlobalSection
	GlobalSection(ProjectConfigurationPlatforms) = postSolution
		{6B705D4D-BDA8-45D2-BE91-F039252579B2}.Debug|Any CPU.ActiveCfg = Debug|Any CPU
		{6B705D4D-BDA8-45D2-BE91-F039252579B2}.Debug|Any CPU.Build.0 = Debug|Any CPU
		{6B705D4D-BDA8-45D2-BE91-F039252579B2}.Release|Any CPU.ActiveCfg = Release|Any CPU
		{6B705D4D-BDA8-45D2-BE91-F039252579B2}.Release|Any CPU.Build.0 = Release|Any CPU
	EndGlobalSection
	GlobalSection(SolutionProperties) = preSolution
		HideSolutionNode = FALSE
	EndGlobalSection
	GlobalSection(ExtensibilityGlobals) = postSolution
		SolutionGuid = {11AA1319-B893-4481-A919-4E4CBC4BD4FE}
	EndGlobalSection
EndGlobal
